// !$*UTF8*$!
{
	archiveVersion = 1;
	classes = {
	};
	objectVersion = 56;
	objects = {

/* Begin PBXBuildFile section */
		8C7A78CF2BAB8A5000955999 /* RealityKitContent in Frameworks */ = {isa = PBXBuildFile; productRef = 8C7A78CE2BAB8A5000955999 /* RealityKitContent */; };
		8C7A78D12BAB8A5000955999 /* VideoStreamApp.swift in Sources */ = {isa = PBXBuildFile; fileRef = 8C7A78D02BAB8A5000955999 /* VideoStreamApp.swift */; };
		8C7A78D32BAB8A5000955999 /* ContentView.swift in Sources */ = {isa = PBXBuildFile; fileRef = 8C7A78D22BAB8A5000955999 /* ContentView.swift */; };
		8C7A78D52BAB8A5000955999 /* ImmersiveView.swift in Sources */ = {isa = PBXBuildFile; fileRef = 8C7A78D42BAB8A5000955999 /* ImmersiveView.swift */; };
		8C7A78D72BAB8A5200955999 /* Assets.xcassets in Resources */ = {isa = PBXBuildFile; fileRef = 8C7A78D62BAB8A5200955999 /* Assets.xcassets */; };
		8C7A78DA2BAB8A5200955999 /* Preview Assets.xcassets in Resources */ = {isa = PBXBuildFile; fileRef = 8C7A78D92BAB8A5200955999 /* Preview Assets.xcassets */; };
		8C7A78E22BAB8AE700955999 /* VideoStreamServer.swift in Sources */ = {isa = PBXBuildFile; fileRef = 8C7A78E12BAB8AE700955999 /* VideoStreamServer.swift */; };
		8C7A78E42BAB8C1C00955999 /* ImageData.swift in Sources */ = {isa = PBXBuildFile; fileRef = 8C7A78E32BAB8C1C00955999 /* ImageData.swift */; };
		8C7A78E62BAB8CC700955999 /* video_stream.proto in Sources */ = {isa = PBXBuildFile; fileRef = 8C7A78E52BAB8CC700955999 /* video_stream.proto */; };
		8C7A78ED2BAB8F3000955999 /* GRPC in Frameworks */ = {isa = PBXBuildFile; productRef = 8C7A78EC2BAB8F3000955999 /* GRPC */; };
		8C7A78EF2BAB8F3000955999 /* protoc-gen-grpc-swift in Frameworks */ = {isa = PBXBuildFile; productRef = 8C7A78EE2BAB8F3000955999 /* protoc-gen-grpc-swift */; };
		8CDBFF912BABCC0E00B4061F /* AppModel.swift in Sources */ = {isa = PBXBuildFile; fileRef = 8CDBFF902BABCC0E00B4061F /* AppModel.swift */; };
		8CE28E4F2BACC0EC006B37C4 /* video_stream.pb.swift in Sources */ = {isa = PBXBuildFile; fileRef = 8CE28E4D2BACC0EC006B37C4 /* video_stream.pb.swift */; };
		8CE28E502BACC0EC006B37C4 /* video_stream.grpc.swift in Sources */ = {isa = PBXBuildFile; fileRef = 8CE28E4E2BACC0EC006B37C4 /* video_stream.grpc.swift */; };
/* End PBXBuildFile section */

/* Begin PBXFileReference section */
		8C7A78C92BAB8A5000955999 /* VideoStream.app */ = {isa = PBXFileReference; explicitFileType = wrapper.application; includeInIndex = 0; path = VideoStream.app; sourceTree = BUILT_PRODUCTS_DIR; };
		8C7A78CD2BAB8A5000955999 /* RealityKitContent */ = {isa = PBXFileReference; lastKnownFileType = wrapper; path = RealityKitContent; sourceTree = "<group>"; };
		8C7A78D02BAB8A5000955999 /* VideoStreamApp.swift */ = {isa = PBXFileReference; lastKnownFileType = sourcecode.swift; path = VideoStreamApp.swift; sourceTree = "<group>"; };
		8C7A78D22BAB8A5000955999 /* ContentView.swift */ = {isa = PBXFileReference; lastKnownFileType = sourcecode.swift; path = ContentView.swift; sourceTree = "<group>"; };
		8C7A78D42BAB8A5000955999 /* ImmersiveView.swift */ = {isa = PBXFileReference; lastKnownFileType = sourcecode.swift; path = ImmersiveView.swift; sourceTree = "<group>"; };
		8C7A78D62BAB8A5200955999 /* Assets.xcassets */ = {isa = PBXFileReference; lastKnownFileType = folder.assetcatalog; path = Assets.xcassets; sourceTree = "<group>"; };
		8C7A78D92BAB8A5200955999 /* Preview Assets.xcassets */ = {isa = PBXFileReference; lastKnownFileType = folder.assetcatalog; path = "Preview Assets.xcassets"; sourceTree = "<group>"; };
		8C7A78DB2BAB8A5200955999 /* Info.plist */ = {isa = PBXFileReference; lastKnownFileType = text.plist.xml; path = Info.plist; sourceTree = "<group>"; };
		8C7A78E12BAB8AE700955999 /* VideoStreamServer.swift */ = {isa = PBXFileReference; lastKnownFileType = sourcecode.swift; path = VideoStreamServer.swift; sourceTree = "<group>"; };
		8C7A78E32BAB8C1C00955999 /* ImageData.swift */ = {isa = PBXFileReference; lastKnownFileType = sourcecode.swift; path = ImageData.swift; sourceTree = "<group>"; };
		8C7A78E52BAB8CC700955999 /* video_stream.proto */ = {isa = PBXFileReference; lastKnownFileType = sourcecode.protobuf; path = video_stream.proto; sourceTree = "<group>"; };
		8CDBFF902BABCC0E00B4061F /* AppModel.swift */ = {isa = PBXFileReference; lastKnownFileType = sourcecode.swift; path = AppModel.swift; sourceTree = "<group>"; };
		8CE28E4D2BACC0EC006B37C4 /* video_stream.pb.swift */ = {isa = PBXFileReference; fileEncoding = 4; lastKnownFileType = sourcecode.swift; path = video_stream.pb.swift; sourceTree = "<group>"; };
		8CE28E4E2BACC0EC006B37C4 /* video_stream.grpc.swift */ = {isa = PBXFileReference; fileEncoding = 4; lastKnownFileType = sourcecode.swift; path = video_stream.grpc.swift; sourceTree = "<group>"; };
/* End PBXFileReference section */

/* Begin PBXFrameworksBuildPhase section */
		8C7A78C62BAB8A4F00955999 /* Frameworks */ = {
			isa = PBXFrameworksBuildPhase;
			buildActionMask = 2147483647;
			files = (
				8C7A78ED2BAB8F3000955999 /* GRPC in Frameworks */,
				8C7A78CF2BAB8A5000955999 /* RealityKitContent in Frameworks */,
				8C7A78EF2BAB8F3000955999 /* protoc-gen-grpc-swift in Frameworks */,
			);
			runOnlyForDeploymentPostprocessing = 0;
		};
/* End PBXFrameworksBuildPhase section */

/* Begin PBXGroup section */
		8C7A78C02BAB8A4F00955999 = {
			isa = PBXGroup;
			children = (
				8C7A78CB2BAB8A5000955999 /* VideoStream */,
				8C7A78CC2BAB8A5000955999 /* Packages */,
				8C7A78CA2BAB8A5000955999 /* Products */,
			);
			sourceTree = "<group>";
		};
		8C7A78CA2BAB8A5000955999 /* Products */ = {
			isa = PBXGroup;
			children = (
				8C7A78C92BAB8A5000955999 /* VideoStream.app */,
			);
			name = Products;
			sourceTree = "<group>";
		};
		8C7A78CB2BAB8A5000955999 /* VideoStream */ = {
			isa = PBXGroup;
			children = (
				8CE28E4E2BACC0EC006B37C4 /* video_stream.grpc.swift */,
				8CE28E4D2BACC0EC006B37C4 /* video_stream.pb.swift */,
				8C7A78D02BAB8A5000955999 /* VideoStreamApp.swift */,
				8C7A78D22BAB8A5000955999 /* ContentView.swift */,
				8C7A78D42BAB8A5000955999 /* ImmersiveView.swift */,
				8C7A78D62BAB8A5200955999 /* Assets.xcassets */,
				8C7A78DB2BAB8A5200955999 /* Info.plist */,
				8C7A78D82BAB8A5200955999 /* Preview Content */,
				8C7A78E12BAB8AE700955999 /* VideoStreamServer.swift */,
				8C7A78E32BAB8C1C00955999 /* ImageData.swift */,
				8C7A78E52BAB8CC700955999 /* video_stream.proto */,
				8CDBFF902BABCC0E00B4061F /* AppModel.swift */,
			);
			path = VideoStream;
			sourceTree = "<group>";
		};
		8C7A78CC2BAB8A5000955999 /* Packages */ = {
			isa = PBXGroup;
			children = (
				8C7A78CD2BAB8A5000955999 /* RealityKitContent */,
			);
			path = Packages;
			sourceTree = "<group>";
		};
		8C7A78D82BAB8A5200955999 /* Preview Content */ = {
			isa = PBXGroup;
			children = (
				8C7A78D92BAB8A5200955999 /* Preview Assets.xcassets */,
			);
			path = "Preview Content";
			sourceTree = "<group>";
		};
/* End PBXGroup section */

/* Begin PBXNativeTarget section */
		8C7A78C82BAB8A4F00955999 /* VideoStream */ = {
			isa = PBXNativeTarget;
			buildConfigurationList = 8C7A78DE2BAB8A5200955999 /* Build configuration list for PBXNativeTarget "VideoStream" */;
			buildPhases = (
				8C7A78C52BAB8A4F00955999 /* Sources */,
				8C7A78C62BAB8A4F00955999 /* Frameworks */,
				8C7A78C72BAB8A4F00955999 /* Resources */,
			);
			buildRules = (
			);
			dependencies = (
			);
			name = VideoStream;
			packageProductDependencies = (
				8C7A78CE2BAB8A5000955999 /* RealityKitContent */,
				8C7A78EC2BAB8F3000955999 /* GRPC */,
				8C7A78EE2BAB8F3000955999 /* protoc-gen-grpc-swift */,
			);
			productName = VideoStream;
			productReference = 8C7A78C92BAB8A5000955999 /* VideoStream.app */;
			productType = "com.apple.product-type.application";
		};
/* End PBXNativeTarget section */

/* Begin PBXProject section */
		8C7A78C12BAB8A4F00955999 /* Project object */ = {
			isa = PBXProject;
			attributes = {
				BuildIndependentTargetsInParallel = 1;
				LastSwiftUpdateCheck = 1520;
				LastUpgradeCheck = 1520;
				TargetAttributes = {
					8C7A78C82BAB8A4F00955999 = {
						CreatedOnToolsVersion = 15.2;
					};
				};
			};
			buildConfigurationList = 8C7A78C42BAB8A4F00955999 /* Build configuration list for PBXProject "VideoStream" */;
			compatibilityVersion = "Xcode 14.0";
			developmentRegion = en;
			hasScannedForEncodings = 0;
			knownRegions = (
				en,
				Base,
			);
			mainGroup = 8C7A78C02BAB8A4F00955999;
			packageReferences = (
				8C7A78EB2BAB8F2F00955999 /* XCRemoteSwiftPackageReference "grpc-swift" */,
			);
			productRefGroup = 8C7A78CA2BAB8A5000955999 /* Products */;
			projectDirPath = "";
			projectRoot = "";
			targets = (
				8C7A78C82BAB8A4F00955999 /* VideoStream */,
			);
		};
/* End PBXProject section */

/* Begin PBXResourcesBuildPhase section */
		8C7A78C72BAB8A4F00955999 /* Resources */ = {
			isa = PBXResourcesBuildPhase;
			buildActionMask = 2147483647;
			files = (
				8C7A78DA2BAB8A5200955999 /* Preview Assets.xcassets in Resources */,
				8C7A78D72BAB8A5200955999 /* Assets.xcassets in Resources */,
			);
			runOnlyForDeploymentPostprocessing = 0;
		};
/* End PBXResourcesBuildPhase section */

/* Begin PBXSourcesBuildPhase section */
		8C7A78C52BAB8A4F00955999 /* Sources */ = {
			isa = PBXSourcesBuildPhase;
			buildActionMask = 2147483647;
			files = (
				8C7A78E22BAB8AE700955999 /* VideoStreamServer.swift in Sources */,
				8C7A78D32BAB8A5000955999 /* ContentView.swift in Sources */,
				8CE28E4F2BACC0EC006B37C4 /* video_stream.pb.swift in Sources */,
				8C7A78D12BAB8A5000955999 /* VideoStreamApp.swift in Sources */,
				8CE28E502BACC0EC006B37C4 /* video_stream.grpc.swift in Sources */,
				8C7A78E42BAB8C1C00955999 /* ImageData.swift in Sources */,
				8CDBFF912BABCC0E00B4061F /* AppModel.swift in Sources */,
				8C7A78E62BAB8CC700955999 /* video_stream.proto in Sources */,
				8C7A78D52BAB8A5000955999 /* ImmersiveView.swift in Sources */,
			);
			runOnlyForDeploymentPostprocessing = 0;
		};
/* End PBXSourcesBuildPhase section */

/* Begin XCBuildConfiguration section */
		8C7A78DC2BAB8A5200955999 /* Debug */ = {
			isa = XCBuildConfiguration;
			buildSettings = {
				ALWAYS_SEARCH_USER_PATHS = NO;
				ASSETCATALOG_COMPILER_GENERATE_SWIFT_ASSET_SYMBOL_EXTENSIONS = YES;
				CLANG_ANALYZER_NONNULL = YES;
				CLANG_ANALYZER_NUMBER_OBJECT_CONVERSION = YES_AGGRESSIVE;
				CLANG_CXX_LANGUAGE_STANDARD = "gnu++20";
				CLANG_ENABLE_MODULES = YES;
				CLANG_ENABLE_OBJC_ARC = YES;
				CLANG_ENABLE_OBJC_WEAK = YES;
				CLANG_WARN_BLOCK_CAPTURE_AUTORELEASING = YES;
				CLANG_WARN_BOOL_CONVERSION = YES;
				CLANG_WARN_COMMA = YES;
				CLANG_WARN_CONSTANT_CONVERSION = YES;
				CLANG_WARN_DEPRECATED_OBJC_IMPLEMENTATIONS = YES;
				CLANG_WARN_DIRECT_OBJC_ISA_USAGE = YES_ERROR;
				CLANG_WARN_DOCUMENTATION_COMMENTS = YES;
				CLANG_WARN_EMPTY_BODY = YES;
				CLANG_WARN_ENUM_CONVERSION = YES;
				CLANG_WARN_INFINITE_RECURSION = YES;
				CLANG_WARN_INT_CONVERSION = YES;
				CLANG_WARN_NON_LITERAL_NULL_CONVERSION = YES;
				CLANG_WARN_OBJC_IMPLICIT_RETAIN_SELF = YES;
				CLANG_WARN_OBJC_LITERAL_CONVERSION = YES;
				CLANG_WARN_OBJC_ROOT_CLASS = YES_ERROR;
				CLANG_WARN_QUOTED_INCLUDE_IN_FRAMEWORK_HEADER = YES;
				CLANG_WARN_RANGE_LOOP_ANALYSIS = YES;
				CLANG_WARN_STRICT_PROTOTYPES = YES;
				CLANG_WARN_SUSPICIOUS_MOVE = YES;
				CLANG_WARN_UNGUARDED_AVAILABILITY = YES_AGGRESSIVE;
				CLANG_WARN_UNREACHABLE_CODE = YES;
				CLANG_WARN__DUPLICATE_METHOD_MATCH = YES;
				COPY_PHASE_STRIP = NO;
				DEBUG_INFORMATION_FORMAT = dwarf;
				ENABLE_STRICT_OBJC_MSGSEND = YES;
				ENABLE_TESTABILITY = YES;
				ENABLE_USER_SCRIPT_SANDBOXING = YES;
				GCC_C_LANGUAGE_STANDARD = gnu17;
				GCC_DYNAMIC_NO_PIC = NO;
				GCC_NO_COMMON_BLOCKS = YES;
				GCC_OPTIMIZATION_LEVEL = 0;
				GCC_PREPROCESSOR_DEFINITIONS = (
					"DEBUG=1",
					"$(inherited)",
				);
				GCC_WARN_64_TO_32_BIT_CONVERSION = YES;
				GCC_WARN_ABOUT_RETURN_TYPE = YES_ERROR;
				GCC_WARN_UNDECLARED_SELECTOR = YES;
				GCC_WARN_UNINITIALIZED_AUTOS = YES_AGGRESSIVE;
				GCC_WARN_UNUSED_FUNCTION = YES;
				GCC_WARN_UNUSED_VARIABLE = YES;
				LOCALIZATION_PREFERS_STRING_CATALOGS = YES;
				MTL_ENABLE_DEBUG_INFO = INCLUDE_SOURCE;
				MTL_FAST_MATH = YES;
				ONLY_ACTIVE_ARCH = YES;
				SDKROOT = xros;
				SWIFT_ACTIVE_COMPILATION_CONDITIONS = "DEBUG $(inherited)";
				SWIFT_OPTIMIZATION_LEVEL = "-Onone";
				XROS_DEPLOYMENT_TARGET = 1.0;
			};
			name = Debug;
		};
		8C7A78DD2BAB8A5200955999 /* Release */ = {
			isa = XCBuildConfiguration;
			buildSettings = {
				ALWAYS_SEARCH_USER_PATHS = NO;
				ASSETCATALOG_COMPILER_GENERATE_SWIFT_ASSET_SYMBOL_EXTENSIONS = YES;
				CLANG_ANALYZER_NONNULL = YES;
				CLANG_ANALYZER_NUMBER_OBJECT_CONVERSION = YES_AGGRESSIVE;
				CLANG_CXX_LANGUAGE_STANDARD = "gnu++20";
				CLANG_ENABLE_MODULES = YES;
				CLANG_ENABLE_OBJC_ARC = YES;
				CLANG_ENABLE_OBJC_WEAK = YES;
				CLANG_WARN_BLOCK_CAPTURE_AUTORELEASING = YES;
				CLANG_WARN_BOOL_CONVERSION = YES;
				CLANG_WARN_COMMA = YES;
				CLANG_WARN_CONSTANT_CONVERSION = YES;
				CLANG_WARN_DEPRECATED_OBJC_IMPLEMENTATIONS = YES;
				CLANG_WARN_DIRECT_OBJC_ISA_USAGE = YES_ERROR;
				CLANG_WARN_DOCUMENTATION_COMMENTS = YES;
				CLANG_WARN_EMPTY_BODY = YES;
				CLANG_WARN_ENUM_CONVERSION = YES;
				CLANG_WARN_INFINITE_RECURSION = YES;
				CLANG_WARN_INT_CONVERSION = YES;
				CLANG_WARN_NON_LITERAL_NULL_CONVERSION = YES;
				CLANG_WARN_OBJC_IMPLICIT_RETAIN_SELF = YES;
				CLANG_WARN_OBJC_LITERAL_CONVERSION = YES;
				CLANG_WARN_OBJC_ROOT_CLASS = YES_ERROR;
				CLANG_WARN_QUOTED_INCLUDE_IN_FRAMEWORK_HEADER = YES;
				CLANG_WARN_RANGE_LOOP_ANALYSIS = YES;
				CLANG_WARN_STRICT_PROTOTYPES = YES;
				CLANG_WARN_SUSPICIOUS_MOVE = YES;
				CLANG_WARN_UNGUARDED_AVAILABILITY = YES_AGGRESSIVE;
				CLANG_WARN_UNREACHABLE_CODE = YES;
				CLANG_WARN__DUPLICATE_METHOD_MATCH = YES;
				COPY_PHASE_STRIP = NO;
				DEBUG_INFORMATION_FORMAT = "dwarf-with-dsym";
				ENABLE_NS_ASSERTIONS = NO;
				ENABLE_STRICT_OBJC_MSGSEND = YES;
				ENABLE_USER_SCRIPT_SANDBOXING = YES;
				GCC_C_LANGUAGE_STANDARD = gnu17;
				GCC_NO_COMMON_BLOCKS = YES;
				GCC_WARN_64_TO_32_BIT_CONVERSION = YES;
				GCC_WARN_ABOUT_RETURN_TYPE = YES_ERROR;
				GCC_WARN_UNDECLARED_SELECTOR = YES;
				GCC_WARN_UNINITIALIZED_AUTOS = YES_AGGRESSIVE;
				GCC_WARN_UNUSED_FUNCTION = YES;
				GCC_WARN_UNUSED_VARIABLE = YES;
				LOCALIZATION_PREFERS_STRING_CATALOGS = YES;
				MTL_ENABLE_DEBUG_INFO = NO;
				MTL_FAST_MATH = YES;
				SDKROOT = xros;
				SWIFT_COMPILATION_MODE = wholemodule;
				VALIDATE_PRODUCT = YES;
				XROS_DEPLOYMENT_TARGET = 1.0;
			};
			name = Release;
		};
		8C7A78DF2BAB8A5200955999 /* Debug */ = {
			isa = XCBuildConfiguration;
			buildSettings = {
				ASSETCATALOG_COMPILER_APPICON_NAME = AppIcon;
				ASSETCATALOG_COMPILER_GLOBAL_ACCENT_COLOR_NAME = AccentColor;
				CODE_SIGN_STYLE = Automatic;
				CURRENT_PROJECT_VERSION = 1;
				DEVELOPMENT_ASSET_PATHS = "\"VideoStream/Preview Content\"";
				DEVELOPMENT_TEAM = 4FZP9TD294;
				ENABLE_PREVIEWS = YES;
				GENERATE_INFOPLIST_FILE = YES;
				INFOPLIST_FILE = "$(TARGET_NAME)/Info.plist";
				LD_RUNPATH_SEARCH_PATHS = (
					"$(inherited)",
					"@executable_path/Frameworks",
				);
				MARKETING_VERSION = 1.0;
				PRODUCT_BUNDLE_IDENTIFIER = Test.VideoStream;
				PRODUCT_NAME = "$(TARGET_NAME)";
				SUPPORTED_PLATFORMS = "xros xrsimulator";
				SWIFT_EMIT_LOC_STRINGS = YES;
				SWIFT_VERSION = 5.0;
				TARGETED_DEVICE_FAMILY = "1,2,7";
			};
			name = Debug;
		};
		8C7A78E02BAB8A5200955999 /* Release */ = {
			isa = XCBuildConfiguration;
			buildSettings = {
				ASSETCATALOG_COMPILER_APPICON_NAME = AppIcon;
				ASSETCATALOG_COMPILER_GLOBAL_ACCENT_COLOR_NAME = AccentColor;
				CODE_SIGN_STYLE = Automatic;
				CURRENT_PROJECT_VERSION = 1;
				DEVELOPMENT_ASSET_PATHS = "\"VideoStream/Preview Content\"";
				DEVELOPMENT_TEAM = 4FZP9TD294;
				ENABLE_PREVIEWS = YES;
				GENERATE_INFOPLIST_FILE = YES;
				INFOPLIST_FILE = "$(TARGET_NAME)/Info.plist";
				LD_RUNPATH_SEARCH_PATHS = (
					"$(inherited)",
					"@executable_path/Frameworks",
				);
				MARKETING_VERSION = 1.0;
				PRODUCT_BUNDLE_IDENTIFIER = Test.VideoStream;
				PRODUCT_NAME = "$(TARGET_NAME)";
				SUPPORTED_PLATFORMS = "xros xrsimulator";
				SWIFT_EMIT_LOC_STRINGS = YES;
				SWIFT_VERSION = 5.0;
				TARGETED_DEVICE_FAMILY = "1,2,7";
			};
			name = Release;
		};
/* End XCBuildConfiguration section */

/* Begin XCConfigurationList section */
		8C7A78C42BAB8A4F00955999 /* Build configuration list for PBXProject "VideoStream" */ = {
			isa = XCConfigurationList;
			buildConfigurations = (
				8C7A78DC2BAB8A5200955999 /* Debug */,
				8C7A78DD2BAB8A5200955999 /* Release */,
			);
			defaultConfigurationIsVisible = 0;
			defaultConfigurationName = Release;
		};
		8C7A78DE2BAB8A5200955999 /* Build configuration list for PBXNativeTarget "VideoStream" */ = {
			isa = XCConfigurationList;
			buildConfigurations = (
				8C7A78DF2BAB8A5200955999 /* Debug */,
				8C7A78E02BAB8A5200955999 /* Release */,
			);
			defaultConfigurationIsVisible = 0;
			defaultConfigurationName = Release;
		};
/* End XCConfigurationList section */

/* Begin XCRemoteSwiftPackageReference section */
		8C7A78EB2BAB8F2F00955999 /* XCRemoteSwiftPackageReference "grpc-swift" */ = {
			isa = XCRemoteSwiftPackageReference;
			repositoryURL = "https://github.com/grpc/grpc-swift.git";
			requirement = {
				kind = upToNextMajorVersion;
				minimumVersion = 1.21.1;
			};
		};
/* End XCRemoteSwiftPackageReference section */

/* Begin XCSwiftPackageProductDependency section */
		8C7A78CE2BAB8A5000955999 /* RealityKitContent */ = {
			isa = XCSwiftPackageProductDependency;
			productName = RealityKitContent;
		};
		8C7A78EC2BAB8F3000955999 /* GRPC */ = {
			isa = XCSwiftPackageProductDependency;
			package = 8C7A78EB2BAB8F2F00955999 /* XCRemoteSwiftPackageReference "grpc-swift" */;
			productName = GRPC;
		};
		8C7A78EE2BAB8F3000955999 /* protoc-gen-grpc-swift */ = {
			isa = XCSwiftPackageProductDependency;
			package = 8C7A78EB2BAB8F2F00955999 /* XCRemoteSwiftPackageReference "grpc-swift" */;
			productName = "protoc-gen-grpc-swift";
		};
/* End XCSwiftPackageProductDependency section */
	};
	rootObject = 8C7A78C12BAB8A4F00955999 /* Project object */;
}
